
Microsoft Visual Studio Solution File, Format Version 12.00
# Visual Studio Version 17
VisualStudioVersion = 17.9.34616.47
MinimumVisualStudioVersion = 10.0.40219.1
Project("{FAE04EC0-301F-11D3-BF4B-00C04F79EFBC}") = "ConditionStructure", "ConditionStructure.csproj", "{3EA403FF-A947-4E54-99BA-784C9DB5ABCE}"
EndProject
Global
	GlobalSection(SolutionConfigurationPlatforms) = preSolution
		Debug|Any CPU = Debug|Any CPU
		Release|Any CPU = Release|Any CPU
	EndGlobalSection
	GlobalSection(ProjectConfigurationPlatforms) = postSolution
		{3EA403FF-A947-4E54-99BA-784C9DB5ABCE}.Debug|Any CPU.ActiveCfg = Debug|Any CPU
		{3EA403FF-A947-4E54-99BA-784C9DB5ABCE}.Debug|Any CPU.Build.0 = Debug|Any CPU
		{3EA403FF-A947-4E54-99BA-784C9DB5ABCE}.Release|Any CPU.ActiveCfg = Release|Any CPU
		{3EA403FF-A947-4E54-99BA-784C9DB5ABCE}.Release|Any CPU.Build.0 = Release|Any CPU
	EndGlobalSection
	GlobalSection(SolutionProperties) = preSolution
		HideSolutionNode = FALSE
	EndGlobalSection
	GlobalSection(ExtensibilityGlobals) = postSolution
		SolutionGuid = {1650F118-3A44-43BD-8529-ED1B7B52A1A0}
	EndGlobalSection
EndGlobal
